{
  "name": "@caspertech/llsd",
  "version": "1.0.5",
  "lockfileVersion": 2,
  "requires": true,
  "packages": {
    "": {
      "name": "@caspertech/llsd",
      "version": "1.0.5",
      "license": "MIT",
      "dependencies": {
        "@xmldom/xmldom": "^0.7.5",
        "abab": "^2.0.5"
      }
    },
    "node_modules/@xmldom/xmldom": {
      "version": "0.7.6",
      "resolved": "https://registry.npmjs.org/@xmldom/xmldom/-/xmldom-0.7.6.tgz",
      "integrity": "sha512-HHXP9hskkFQHy8QxxUXkS7946FFIhYVfGqsk0WLwllmexN9x/+R4UBLvurHEuyXRfVEObVR8APuQehykLviwSQ==",
      "engines": {
        "node": ">=10.0.0"
      }
    },
    "node_modules/abab": {
      "version": "2.0.5",
      "resolved": "https://registry.npmjs.org/abab/-/abab-2.0.5.tgz",
      "integrity": "sha512-9IK9EadsbHo6jLWIpxpR6pL0sazTXV6+SQv25ZB+F7Bj9mJNaOc4nCRabwd5M/JwmUa8idz6Eci6eKfJryPs6Q=="
    }
  },
  "dependencies": {
    "@xmldom/xmldom": {
      "version": "0.7.6",
      "resolved": "https://registry.npmjs.org/@xmldom/xmldom/-/xmldom-0.7.6.tgz",
      "integrity": "sha512-HHXP9hskkFQHy8QxxUXkS7946FFIhYVfGqsk0WLwllmexN9x/+R4UBLvurHEuyXRfVEObVR8APuQehykLviwSQ=="
    },
    "abab": {
      "version": "2.0.5",
      "resolved": "https://registry.npmjs.org/abab/-/abab-2.0.5.tgz",
      "integrity": "sha512-9IK9EadsbHo6jLWIpxpR6pL0sazTXV6+SQv25ZB+F7Bj9mJNaOc4nCRabwd5M/JwmUa8idz6Eci6eKfJryPs6Q=="
    }
  }
}
